
Microsoft Visual Studio Solution File, Format Version 12.00
# Visual Studio 2012
Project("{E24C65DC-7377-472B-9ABA-BC803B73C61A}") = "www.topreward.info", ".", "{BD4A903A-AB56-4636-B67D-48F6975D047F}"
	ProjectSection(WebsiteProperties) = preProject
		TargetFrameworkMoniker = ".NETFramework,Version%3Dv4.0"
		Debug.AspNetCompiler.VirtualPath = "/www.topreward.info"
		Debug.AspNetCompiler.PhysicalPath = "D:\Dev\WebSites\www.topreward.info\"
		Debug.AspNetCompiler.TargetPath = "PrecompiledWeb\www.topreward.info\"
		Debug.AspNetCompiler.Updateable = "true"
		Debug.AspNetCompiler.ForceOverwrite = "true"
		Debug.AspNetCompiler.FixedNames = "false"
		Debug.AspNetCompiler.Debug = "True"
		Release.AspNetCompiler.VirtualPath = "/www.topreward.info"
		Release.AspNetCompiler.PhysicalPath = "D:\Dev\WebSites\www.topreward.info\"
		Release.AspNetCompiler.TargetPath = "PrecompiledWeb\www.topreward.info\"
		Release.AspNetCompiler.Updateable = "true"
		Release.AspNetCompiler.ForceOverwrite = "true"
		Release.AspNetCompiler.FixedNames = "false"
		Release.AspNetCompiler.Debug = "False"
		VWDPort = "56939"
	EndProjectSection
EndProject
Global
	GlobalSection(SolutionConfigurationPlatforms) = preSolution
		Debug|Any CPU = Debug|Any CPU
	EndGlobalSection
	GlobalSection(ProjectConfigurationPlatforms) = postSolution
		{BD4A903A-AB56-4636-B67D-48F6975D047F}.Debug|Any CPU.ActiveCfg = Debug|Any CPU
		{BD4A903A-AB56-4636-B67D-48F6975D047F}.Debug|Any CPU.Build.0 = Debug|Any CPU
	EndGlobalSection
	GlobalSection(SolutionProperties) = preSolution
		HideSolutionNode = FALSE
	EndGlobalSection
EndGlobal
